// !$*UTF8*$!
{
	archiveVersion = 1;
	classes = {
	};
	objectVersion = 48;
	objects = {

/* Begin PBXBuildFile section */
		929D7CB11FB741560001B946 /* AppDelegate.swift in Sources */ = {isa = PBXBuildFile; fileRef = 929D7CB01FB741560001B946 /* AppDelegate.swift */; };
		929D7CB31FB741560001B946 /* ViewController.swift in Sources */ = {isa = PBXBuildFile; fileRef = 929D7CB21FB741560001B946 /* ViewController.swift */; };
		929D7CB61FB741560001B946 /* Main.storyboard in Resources */ = {isa = PBXBuildFile; fileRef = 929D7CB41FB741560001B946 /* Main.storyboard */; };
		929D7CB81FB741560001B946 /* Assets.xcassets in Resources */ = {isa = PBXBuildFile; fileRef = 929D7CB71FB741560001B946 /* Assets.xcassets */; };
		929D7CBB1FB741560001B946 /* LaunchScreen.storyboard in Resources */ = {isa = PBXBuildFile; fileRef = 929D7CB91FB741560001B946 /* LaunchScreen.storyboard */; };
		929D7CC61FB741570001B946 /* CollectionAndTableTests.swift in Sources */ = {isa = PBXBuildFile; fileRef = 929D7CC51FB741570001B946 /* CollectionAndTableTests.swift */; };
		929D7CD11FB741570001B946 /* CollectionAndTableUITests.swift in Sources */ = {isa = PBXBuildFile; fileRef = 929D7CD01FB741570001B946 /* CollectionAndTableUITests.swift */; };
		929D7CDF1FB742C50001B946 /* TableViewController.swift in Sources */ = {isa = PBXBuildFile; fileRef = 929D7CDE1FB742C50001B946 /* TableViewController.swift */; };
		929D7CE11FB742EC0001B946 /* TableViewCell.swift in Sources */ = {isa = PBXBuildFile; fileRef = 929D7CE01FB742EC0001B946 /* TableViewCell.swift */; };
/* End PBXBuildFile section */

/* Begin PBXContainerItemProxy section */
		929D7CC21FB741570001B946 /* PBXContainerItemProxy */ = {
			isa = PBXContainerItemProxy;
			containerPortal = 929D7CA51FB741560001B946 /* Project object */;
			proxyType = 1;
			remoteGlobalIDString = 929D7CAC1FB741560001B946;
			remoteInfo = CollectionAndTable;
		};
		929D7CCD1FB741570001B946 /* PBXContainerItemProxy */ = {
			isa = PBXContainerItemProxy;
			containerPortal = 929D7CA51FB741560001B946 /* Project object */;
			proxyType = 1;
			remoteGlobalIDString = 929D7CAC1FB741560001B946;
			remoteInfo = CollectionAndTable;
		};
/* End PBXContainerItemProxy section */

/* Begin PBXFileReference section */
		929D7CAD1FB741560001B946 /* CollectionAndTable.app */ = {isa = PBXFileReference; explicitFileType = wrapper.application; includeInIndex = 0; path = CollectionAndTable.app; sourceTree = BUILT_PRODUCTS_DIR; };
		929D7CB01FB741560001B946 /* AppDelegate.swift */ = {isa = PBXFileReference; lastKnownFileType = sourcecode.swift; path = AppDelegate.swift; sourceTree = "<group>"; };
		929D7CB21FB741560001B946 /* ViewController.swift */ = {isa = PBXFileReference; lastKnownFileType = sourcecode.swift; path = ViewController.swift; sourceTree = "<group>"; };
		929D7CB51FB741560001B946 /* Base */ = {isa = PBXFileReference; lastKnownFileType = file.storyboard; name = Base; path = Base.lproj/Main.storyboard; sourceTree = "<group>"; };
		929D7CB71FB741560001B946 /* Assets.xcassets */ = {isa = PBXFileReference; lastKnownFileType = folder.assetcatalog; path = Assets.xcassets; sourceTree = "<group>"; };
		929D7CBA1FB741560001B946 /* Base */ = {isa = PBXFileReference; lastKnownFileType = file.storyboard; name = Base; path = Base.lproj/LaunchScreen.storyboard; sourceTree = "<group>"; };
		929D7CBC1FB741560001B946 /* Info.plist */ = {isa = PBXFileReference; lastKnownFileType = text.plist.xml; path = Info.plist; sourceTree = "<group>"; };
		929D7CC11FB741570001B946 /* CollectionAndTableTests.xctest */ = {isa = PBXFileReference; explicitFileType = wrapper.cfbundle; includeInIndex = 0; path = CollectionAndTableTests.xctest; sourceTree = BUILT_PRODUCTS_DIR; };
		929D7CC51FB741570001B946 /* CollectionAndTableTests.swift */ = {isa = PBXFileReference; lastKnownFileType = sourcecode.swift; path = CollectionAndTableTests.swift; sourceTree = "<group>"; };
		929D7CC71FB741570001B946 /* Info.plist */ = {isa = PBXFileReference; lastKnownFileType = text.plist.xml; path = Info.plist; sourceTree = "<group>"; };
		929D7CCC1FB741570001B946 /* CollectionAndTableUITests.xctest */ = {isa = PBXFileReference; explicitFileType = wrapper.cfbundle; includeInIndex = 0; path = CollectionAndTableUITests.xctest; sourceTree = BUILT_PRODUCTS_DIR; };
		929D7CD01FB741570001B946 /* CollectionAndTableUITests.swift */ = {isa = PBXFileReference; lastKnownFileType = sourcecode.swift; path = CollectionAndTableUITests.swift; sourceTree = "<group>"; };
		929D7CD21FB741570001B946 /* Info.plist */ = {isa = PBXFileReference; lastKnownFileType = text.plist.xml; path = Info.plist; sourceTree = "<group>"; };
		929D7CDE1FB742C50001B946 /* TableViewController.swift */ = {isa = PBXFileReference; lastKnownFileType = sourcecode.swift; path = TableViewController.swift; sourceTree = "<group>"; };
		929D7CE01FB742EC0001B946 /* TableViewCell.swift */ = {isa = PBXFileReference; lastKnownFileType = sourcecode.swift; path = TableViewCell.swift; sourceTree = "<group>"; };
/* End PBXFileReference section */

/* Begin PBXFrameworksBuildPhase section */
		929D7CAA1FB741560001B946 /* Frameworks */ = {
			isa = PBXFrameworksBuildPhase;
			buildActionMask = 2147483647;
			files = (
			);
			runOnlyForDeploymentPostprocessing = 0;
		};
		929D7CBE1FB741570001B946 /* Frameworks */ = {
			isa = PBXFrameworksBuildPhase;
			buildActionMask = 2147483647;
			files = (
			);
			runOnlyForDeploymentPostprocessing = 0;
		};
		929D7CC91FB741570001B946 /* Frameworks */ = {
			isa = PBXFrameworksBuildPhase;
			buildActionMask = 2147483647;
			files = (
			);
			runOnlyForDeploymentPostprocessing = 0;
		};
/* End PBXFrameworksBuildPhase section */

/* Begin PBXGroup section */
		929D7CA41FB741560001B946 = {
			isa = PBXGroup;
			children = (
				929D7CAF1FB741560001B946 /* CollectionAndTable */,
				929D7CC41FB741570001B946 /* CollectionAndTableTests */,
				929D7CCF1FB741570001B946 /* CollectionAndTableUITests */,
				929D7CAE1FB741560001B946 /* Products */,
			);
			sourceTree = "<group>";
		};
		929D7CAE1FB741560001B946 /* Products */ = {
			isa = PBXGroup;
			children = (
				929D7CAD1FB741560001B946 /* CollectionAndTable.app */,
				929D7CC11FB741570001B946 /* CollectionAndTableTests.xctest */,
				929D7CCC1FB741570001B946 /* CollectionAndTableUITests.xctest */,
			);
			name = Products;
			sourceTree = "<group>";
		};
		929D7CAF1FB741560001B946 /* CollectionAndTable */ = {
			isa = PBXGroup;
			children = (
				929D7CB41FB741560001B946 /* Main.storyboard */,
				929D7CDE1FB742C50001B946 /* TableViewController.swift */,
				929D7CE01FB742EC0001B946 /* TableViewCell.swift */,
				929D7CB71FB741560001B946 /* Assets.xcassets */,
				929D7CB01FB741560001B946 /* AppDelegate.swift */,
				929D7CB21FB741560001B946 /* ViewController.swift */,
				929D7CB91FB741560001B946 /* LaunchScreen.storyboard */,
				929D7CBC1FB741560001B946 /* Info.plist */,
			);
			path = CollectionAndTable;
			sourceTree = "<group>";
		};
		929D7CC41FB741570001B946 /* CollectionAndTableTests */ = {
			isa = PBXGroup;
			children = (
				929D7CC51FB741570001B946 /* CollectionAndTableTests.swift */,
				929D7CC71FB741570001B946 /* Info.plist */,
			);
			path = CollectionAndTableTests;
			sourceTree = "<group>";
		};
		929D7CCF1FB741570001B946 /* CollectionAndTableUITests */ = {
			isa = PBXGroup;
			children = (
				929D7CD01FB741570001B946 /* CollectionAndTableUITests.swift */,
				929D7CD21FB741570001B946 /* Info.plist */,
			);
			path = CollectionAndTableUITests;
			sourceTree = "<group>";
		};
/* End PBXGroup section */

/* Begin PBXNativeTarget section */
		929D7CAC1FB741560001B946 /* CollectionAndTable */ = {
			isa = PBXNativeTarget;
			buildConfigurationList = 929D7CD51FB741570001B946 /* Build configuration list for PBXNativeTarget "CollectionAndTable" */;
			buildPhases = (
				929D7CA91FB741560001B946 /* Sources */,
				929D7CAA1FB741560001B946 /* Frameworks */,
				929D7CAB1FB741560001B946 /* Resources */,
			);
			buildRules = (
			);
			dependencies = (
			);
			name = CollectionAndTable;
			productName = CollectionAndTable;
			productReference = 929D7CAD1FB741560001B946 /* CollectionAndTable.app */;
			productType = "com.apple.product-type.application";
		};
		929D7CC01FB741570001B946 /* CollectionAndTableTests */ = {
			isa = PBXNativeTarget;
			buildConfigurationList = 929D7CD81FB741570001B946 /* Build configuration list for PBXNativeTarget "CollectionAndTableTests" */;
			buildPhases = (
				929D7CBD1FB741570001B946 /* Sources */,
				929D7CBE1FB741570001B946 /* Frameworks */,
				929D7CBF1FB741570001B946 /* Resources */,
			);
			buildRules = (
			);
			dependencies = (
				929D7CC31FB741570001B946 /* PBXTargetDependency */,
			);
			name = CollectionAndTableTests;
			productName = CollectionAndTableTests;
			productReference = 929D7CC11FB741570001B946 /* CollectionAndTableTests.xctest */;
			productType = "com.apple.product-type.bundle.unit-test";
		};
		929D7CCB1FB741570001B946 /* CollectionAndTableUITests */ = {
			isa = PBXNativeTarget;
			buildConfigurationList = 929D7CDB1FB741570001B946 /* Build configuration list for PBXNativeTarget "CollectionAndTableUITests" */;
			buildPhases = (
				929D7CC81FB741570001B946 /* Sources */,
				929D7CC91FB741570001B946 /* Frameworks */,
				929D7CCA1FB741570001B946 /* Resources */,
			);
			buildRules = (
			);
			dependencies = (
				929D7CCE1FB741570001B946 /* PBXTargetDependency */,
			);
			name = CollectionAndTableUITests;
			productName = CollectionAndTableUITests;
			productReference = 929D7CCC1FB741570001B946 /* CollectionAndTableUITests.xctest */;
			productType = "com.apple.product-type.bundle.ui-testing";
		};
/* End PBXNativeTarget section */

/* Begin PBXProject section */
		929D7CA51FB741560001B946 /* Project object */ = {
			isa = PBXProject;
			attributes = {
				LastSwiftUpdateCheck = 0910;
				LastUpgradeCheck = 0910;
				ORGANIZATIONNAME = Denis;
				TargetAttributes = {
					929D7CAC1FB741560001B946 = {
						CreatedOnToolsVersion = 9.1;
						ProvisioningStyle = Automatic;
					};
					929D7CC01FB741570001B946 = {
						CreatedOnToolsVersion = 9.1;
						ProvisioningStyle = Automatic;
						TestTargetID = 929D7CAC1FB741560001B946;
					};
					929D7CCB1FB741570001B946 = {
						CreatedOnToolsVersion = 9.1;
						ProvisioningStyle = Automatic;
						TestTargetID = 929D7CAC1FB741560001B946;
					};
				};
			};
			buildConfigurationList = 929D7CA81FB741560001B946 /* Build configuration list for PBXProject "CollectionAndTable" */;
			compatibilityVersion = "Xcode 8.0";
			developmentRegion = en;
			hasScannedForEncodings = 0;
			knownRegions = (
				en,
				Base,
			);
			mainGroup = 929D7CA41FB741560001B946;
			productRefGroup = 929D7CAE1FB741560001B946 /* Products */;
			projectDirPath = "";
			projectRoot = "";
			targets = (
				929D7CAC1FB741560001B946 /* CollectionAndTable */,
				929D7CC01FB741570001B946 /* CollectionAndTableTests */,
				929D7CCB1FB741570001B946 /* CollectionAndTableUITests */,
			);
		};
/* End PBXProject section */

/* Begin PBXResourcesBuildPhase section */
		929D7CAB1FB741560001B946 /* Resources */ = {
			isa = PBXResourcesBuildPhase;
			buildActionMask = 2147483647;
			files = (
				929D7CBB1FB741560001B946 /* LaunchScreen.storyboard in Resources */,
				929D7CB81FB741560001B946 /* Assets.xcassets in Resources */,
				929D7CB61FB741560001B946 /* Main.storyboard in Resources */,
			);
			runOnlyForDeploymentPostprocessing = 0;
		};
		929D7CBF1FB741570001B946 /* Resources */ = {
			isa = PBXResourcesBuildPhase;
			buildActionMask = 2147483647;
			files = (
			);
			runOnlyForDeploymentPostprocessing = 0;
		};
		929D7CCA1FB741570001B946 /* Resources */ = {
			isa = PBXResourcesBuildPhase;
			buildActionMask = 2147483647;
			files = (
			);
			runOnlyForDeploymentPostprocessing = 0;
		};
/* End PBXResourcesBuildPhase section */

/* Begin PBXSourcesBuildPhase section */
		929D7CA91FB741560001B946 /* Sources */ = {
			isa = PBXSourcesBuildPhase;
			buildActionMask = 2147483647;
			files = (
				929D7CB31FB741560001B946 /* ViewController.swift in Sources */,
				929D7CE11FB742EC0001B946 /* TableViewCell.swift in Sources */,
				929D7CDF1FB742C50001B946 /* TableViewController.swift in Sources */,
				929D7CB11FB741560001B946 /* AppDelegate.swift in Sources */,
			);
			runOnlyForDeploymentPostprocessing = 0;
		};
		929D7CBD1FB741570001B946 /* Sources */ = {
			isa = PBXSourcesBuildPhase;
			buildActionMask = 2147483647;
			files = (
				929D7CC61FB741570001B946 /* CollectionAndTableTests.swift in Sources */,
			);
			runOnlyForDeploymentPostprocessing = 0;
		};
		929D7CC81FB741570001B946 /* Sources */ = {
			isa = PBXSourcesBuildPhase;
			buildActionMask = 2147483647;
			files = (
				929D7CD11FB741570001B946 /* CollectionAndTableUITests.swift in Sources */,
			);
			runOnlyForDeploymentPostprocessing = 0;
		};
/* End PBXSourcesBuildPhase section */

/* Begin PBXTargetDependency section */
		929D7CC31FB741570001B946 /* PBXTargetDependency */ = {
			isa = PBXTargetDependency;
			target = 929D7CAC1FB741560001B946 /* CollectionAndTable */;
			targetProxy = 929D7CC21FB741570001B946 /* PBXContainerItemProxy */;
		};
		929D7CCE1FB741570001B946 /* PBXTargetDependency */ = {
			isa = PBXTargetDependency;
			target = 929D7CAC1FB741560001B946 /* CollectionAndTable */;
			targetProxy = 929D7CCD1FB741570001B946 /* PBXContainerItemProxy */;
		};
/* End PBXTargetDependency section */

/* Begin PBXVariantGroup section */
		929D7CB41FB741560001B946 /* Main.storyboard */ = {
			isa = PBXVariantGroup;
			children = (
				929D7CB51FB741560001B946 /* Base */,
			);
			name = Main.storyboard;
			sourceTree = "<group>";
		};
		929D7CB91FB741560001B946 /* LaunchScreen.storyboard */ = {
			isa = PBXVariantGroup;
			children = (
				929D7CBA1FB741560001B946 /* Base */,
			);
			name = LaunchScreen.storyboard;
			sourceTree = "<group>";
		};
/* End PBXVariantGroup section */

/* Begin XCBuildConfiguration section */
		929D7CD31FB741570001B946 /* Debug */ = {
			isa = XCBuildConfiguration;
			buildSettings = {
				ALWAYS_SEARCH_USER_PATHS = NO;
				CLANG_ANALYZER_NONNULL = YES;
				CLANG_ANALYZER_NUMBER_OBJECT_CONVERSION = YES_AGGRESSIVE;
				CLANG_CXX_LANGUAGE_STANDARD = "gnu++14";
				CLANG_CXX_LIBRARY = "libc++";
				CLANG_ENABLE_MODULES = YES;
				CLANG_ENABLE_OBJC_ARC = YES;
				CLANG_WARN_BLOCK_CAPTURE_AUTORELEASING = YES;
				CLANG_WARN_BOOL_CONVERSION = YES;
				CLANG_WARN_COMMA = YES;
				CLANG_WARN_CONSTANT_CONVERSION = YES;
				CLANG_WARN_DIRECT_OBJC_ISA_USAGE = YES_ERROR;
				CLANG_WARN_DOCUMENTATION_COMMENTS = YES;
				CLANG_WARN_EMPTY_BODY = YES;
				CLANG_WARN_ENUM_CONVERSION = YES;
				CLANG_WARN_INFINITE_RECURSION = YES;
				CLANG_WARN_INT_CONVERSION = YES;
				CLANG_WARN_NON_LITERAL_NULL_CONVERSION = YES;
				CLANG_WARN_OBJC_LITERAL_CONVERSION = YES;
				CLANG_WARN_OBJC_ROOT_CLASS = YES_ERROR;
				CLANG_WARN_RANGE_LOOP_ANALYSIS = YES;
				CLANG_WARN_STRICT_PROTOTYPES = YES;
				CLANG_WARN_SUSPICIOUS_MOVE = YES;
				CLANG_WARN_UNGUARDED_AVAILABILITY = YES_AGGRESSIVE;
				CLANG_WARN_UNREACHABLE_CODE = YES;
				CLANG_WARN__DUPLICATE_METHOD_MATCH = YES;
				CODE_SIGN_IDENTITY = "iPhone Developer";
				COPY_PHASE_STRIP = NO;
				DEBUG_INFORMATION_FORMAT = dwarf;
				ENABLE_STRICT_OBJC_MSGSEND = YES;
				ENABLE_TESTABILITY = YES;
				GCC_C_LANGUAGE_STANDARD = gnu11;
				GCC_DYNAMIC_NO_PIC = NO;
				GCC_NO_COMMON_BLOCKS = YES;
				GCC_OPTIMIZATION_LEVEL = 0;
				GCC_PREPROCESSOR_DEFINITIONS = (
					"DEBUG=1",
					"$(inherited)",
				);
				GCC_WARN_64_TO_32_BIT_CONVERSION = YES;
				GCC_WARN_ABOUT_RETURN_TYPE = YES_ERROR;
				GCC_WARN_UNDECLARED_SELECTOR = YES;
				GCC_WARN_UNINITIALIZED_AUTOS = YES_AGGRESSIVE;
				GCC_WARN_UNUSED_FUNCTION = YES;
				GCC_WARN_UNUSED_VARIABLE = YES;
				IPHONEOS_DEPLOYMENT_TARGET = 11.1;
				MTL_ENABLE_DEBUG_INFO = YES;
				ONLY_ACTIVE_ARCH = YES;
				SDKROOT = iphoneos;
				SWIFT_ACTIVE_COMPILATION_CONDITIONS = DEBUG;
				SWIFT_OPTIMIZATION_LEVEL = "-Onone";
			};
			name = Debug;
		};
		929D7CD41FB741570001B946 /* Release */ = {
			isa = XCBuildConfiguration;
			buildSettings = {
				ALWAYS_SEARCH_USER_PATHS = NO;
				CLANG_ANALYZER_NONNULL = YES;
				CLANG_ANALYZER_NUMBER_OBJECT_CONVERSION = YES_AGGRESSIVE;
				CLANG_CXX_LANGUAGE_STANDARD = "gnu++14";
				CLANG_CXX_LIBRARY = "libc++";
				CLANG_ENABLE_MODULES = YES;
				CLANG_ENABLE_OBJC_ARC = YES;
				CLANG_WARN_BLOCK_CAPTURE_AUTORELEASING = YES;
				CLANG_WARN_BOOL_CONVERSION = YES;
				CLANG_WARN_COMMA = YES;
				CLANG_WARN_CONSTANT_CONVERSION = YES;
				CLANG_WARN_DIRECT_OBJC_ISA_USAGE = YES_ERROR;
				CLANG_WARN_DOCUMENTATION_COMMENTS = YES;
				CLANG_WARN_EMPTY_BODY = YES;
				CLANG_WARN_ENUM_CONVERSION = YES;
				CLANG_WARN_INFINITE_RECURSION = YES;
				CLANG_WARN_INT_CONVERSION = YES;
				CLANG_WARN_NON_LITERAL_NULL_CONVERSION = YES;
				CLANG_WARN_OBJC_LITERAL_CONVERSION = YES;
				CLANG_WARN_OBJC_ROOT_CLASS = YES_ERROR;
				CLANG_WARN_RANGE_LOOP_ANALYSIS = YES;
				CLANG_WARN_STRICT_PROTOTYPES = YES;
				CLANG_WARN_SUSPICIOUS_MOVE = YES;
				CLANG_WARN_UNGUARDED_AVAILABILITY = YES_AGGRESSIVE;
				CLANG_WARN_UNREACHABLE_CODE = YES;
				CLANG_WARN__DUPLICATE_METHOD_MATCH = YES;
				CODE_SIGN_IDENTITY = "iPhone Developer";
				COPY_PHASE_STRIP = NO;
				DEBUG_INFORMATION_FORMAT = "dwarf-with-dsym";
				ENABLE_NS_ASSERTIONS = NO;
				ENABLE_STRICT_OBJC_MSGSEND = YES;
				GCC_C_LANGUAGE_STANDARD = gnu11;
				GCC_NO_COMMON_BLOCKS = YES;
				GCC_WARN_64_TO_32_BIT_CONVERSION = YES;
				GCC_WARN_ABOUT_RETURN_TYPE = YES_ERROR;
				GCC_WARN_UNDECLARED_SELECTOR = YES;
				GCC_WARN_UNINITIALIZED_AUTOS = YES_AGGRESSIVE;
				GCC_WARN_UNUSED_FUNCTION = YES;
				GCC_WARN_UNUSED_VARIABLE = YES;
				IPHONEOS_DEPLOYMENT_TARGET = 11.1;
				MTL_ENABLE_DEBUG_INFO = NO;
				SDKROOT = iphoneos;
				SWIFT_OPTIMIZATION_LEVEL = "-Owholemodule";
				VALIDATE_PRODUCT = YES;
			};
			name = Release;
		};
		929D7CD61FB741570001B946 /* Debug */ = {
			isa = XCBuildConfiguration;
			buildSettings = {
				ASSETCATALOG_COMPILER_APPICON_NAME = AppIcon;
				CODE_SIGN_STYLE = Automatic;
				DEVELOPMENT_TEAM = JTQM3L8Y33;
				INFOPLIST_FILE = CollectionAndTable/Info.plist;
				LD_RUNPATH_SEARCH_PATHS = "$(inherited) @executable_path/Frameworks";
				PRODUCT_BUNDLE_IDENTIFIER = Denis.CollectionAndTable;
				PRODUCT_NAME = "$(TARGET_NAME)";
				SWIFT_VERSION = 4.0;
				TARGETED_DEVICE_FAMILY = "1,2";
			};
			name = Debug;
		};
		929D7CD71FB741570001B946 /* Release */ = {
			isa = XCBuildConfiguration;
			buildSettings = {
				ASSETCATALOG_COMPILER_APPICON_NAME = AppIcon;
				CODE_SIGN_STYLE = Automatic;
				DEVELOPMENT_TEAM = JTQM3L8Y33;
				INFOPLIST_FILE = CollectionAndTable/Info.plist;
				LD_RUNPATH_SEARCH_PATHS = "$(inherited) @executable_path/Frameworks";
				PRODUCT_BUNDLE_IDENTIFIER = Denis.CollectionAndTable;
				PRODUCT_NAME = "$(TARGET_NAME)";
				SWIFT_VERSION = 4.0;
				TARGETED_DEVICE_FAMILY = "1,2";
			};
			name = Release;
		};
		929D7CD91FB741570001B946 /* Debug */ = {
			isa = XCBuildConfiguration;
			buildSettings = {
				ALWAYS_EMBED_SWIFT_STANDARD_LIBRARIES = YES;
				BUNDLE_LOADER = "$(TEST_HOST)";
				CODE_SIGN_STYLE = Automatic;
				DEVELOPMENT_TEAM = JTQM3L8Y33;
				INFOPLIST_FILE = CollectionAndTableTests/Info.plist;
				LD_RUNPATH_SEARCH_PATHS = "$(inherited) @executable_path/Frameworks @loader_path/Frameworks";
				PRODUCT_BUNDLE_IDENTIFIER = Denis.CollectionAndTableTests;
				PRODUCT_NAME = "$(TARGET_NAME)";
				SWIFT_VERSION = 4.0;
				TARGETED_DEVICE_FAMILY = "1,2";
				TEST_HOST = "$(BUILT_PRODUCTS_DIR)/CollectionAndTable.app/CollectionAndTable";
			};
			name = Debug;
		};
		929D7CDA1FB741570001B946 /* Release */ = {
			isa = XCBuildConfiguration;
			buildSettings = {
				ALWAYS_EMBED_SWIFT_STANDARD_LIBRARIES = YES;
				BUNDLE_LOADER = "$(TEST_HOST)";
				CODE_SIGN_STYLE = Automatic;
				DEVELOPMENT_TEAM = JTQM3L8Y33;
				INFOPLIST_FILE = CollectionAndTableTests/Info.plist;
				LD_RUNPATH_SEARCH_PATHS = "$(inherited) @executable_path/Frameworks @loader_path/Frameworks";
				PRODUCT_BUNDLE_IDENTIFIER = Denis.CollectionAndTableTests;
				PRODUCT_NAME = "$(TARGET_NAME)";
				SWIFT_VERSION = 4.0;
				TARGETED_DEVICE_FAMILY = "1,2";
				TEST_HOST = "$(BUILT_PRODUCTS_DIR)/CollectionAndTable.app/CollectionAndTable";
			};
			name = Release;
		};
		929D7CDC1FB741570001B946 /* Debug */ = {
			isa = XCBuildConfiguration;
			buildSettings = {
				ALWAYS_EMBED_SWIFT_STANDARD_LIBRARIES = YES;
				CODE_SIGN_STYLE = Automatic;
				DEVELOPMENT_TEAM = JTQM3L8Y33;
				INFOPLIST_FILE = CollectionAndTableUITests/Info.plist;
				LD_RUNPATH_SEARCH_PATHS = "$(inherited) @executable_path/Frameworks @loader_path/Frameworks";
				PRODUCT_BUNDLE_IDENTIFIER = Denis.CollectionAndTableUITests;
				PRODUCT_NAME = "$(TARGET_NAME)";
				SWIFT_VERSION = 4.0;
				TARGETED_DEVICE_FAMILY = "1,2";
				TEST_TARGET_NAME = CollectionAndTable;
			};
			name = Debug;
		};
		929D7CDD1FB741570001B946 /* Release */ = {
			isa = XCBuildConfiguration;
			buildSettings = {
				ALWAYS_EMBED_SWIFT_STANDARD_LIBRARIES = YES;
				CODE_SIGN_STYLE = Automatic;
				DEVELOPMENT_TEAM = JTQM3L8Y33;
				INFOPLIST_FILE = CollectionAndTableUITests/Info.plist;
				LD_RUNPATH_SEARCH_PATHS = "$(inherited) @executable_path/Frameworks @loader_path/Frameworks";
				PRODUCT_BUNDLE_IDENTIFIER = Denis.CollectionAndTableUITests;
				PRODUCT_NAME = "$(TARGET_NAME)";
				SWIFT_VERSION = 4.0;
				TARGETED_DEVICE_FAMILY = "1,2";
				TEST_TARGET_NAME = CollectionAndTable;
			};
			name = Release;
		};
/* End XCBuildConfiguration section */

/* Begin XCConfigurationList section */
		929D7CA81FB741560001B946 /* Build configuration list for PBXProject "CollectionAndTable" */ = {
			isa = XCConfigurationList;
			buildConfigurations = (
				929D7CD31FB741570001B946 /* Debug */,
				929D7CD41FB741570001B946 /* Release */,
			);
			defaultConfigurationIsVisible = 0;
			defaultConfigurationName = Release;
		};
		929D7CD51FB741570001B946 /* Build configuration list for PBXNativeTarget "CollectionAndTable" */ = {
			isa = XCConfigurationList;
			buildConfigurations = (
				929D7CD61FB741570001B946 /* Debug */,
				929D7CD71FB741570001B946 /* Release */,
			);
			defaultConfigurationIsVisible = 0;
			defaultConfigurationName = Release;
		};
		929D7CD81FB741570001B946 /* Build configuration list for PBXNativeTarget "CollectionAndTableTests" */ = {
			isa = XCConfigurationList;
			buildConfigurations = (
				929D7CD91FB741570001B946 /* Debug */,
				929D7CDA1FB741570001B946 /* Release */,
			);
			defaultConfigurationIsVisible = 0;
			defaultConfigurationName = Release;
		};
		929D7CDB1FB741570001B946 /* Build configuration list for PBXNativeTarget "CollectionAndTableUITests" */ = {
			isa = XCConfigurationList;
			buildConfigurations = (
				929D7CDC1FB741570001B946 /* Debug */,
				929D7CDD1FB741570001B946 /* Release */,
			);
			defaultConfigurationIsVisible = 0;
			defaultConfigurationName = Release;
		};
/* End XCConfigurationList section */
	};
	rootObject = 929D7CA51FB741560001B946 /* Project object */;
}
